
Microsoft Visual Studio Solution File, Format Version 12.00
# Visual Studio Version 16
VisualStudioVersion = 16.0.31729.503
MinimumVisualStudioVersion = 10.0.40219.1
Project("{FAE04EC0-301F-11D3-BF4B-00C04F79EFBC}") = "T3H_Cap03_P1", "T3H_Cap03_P1\T3H_Cap03_P1.csproj", "{D04CBFEF-024F-41E0-BCFE-F49320967D18}"
EndProject
Global
	GlobalSection(SolutionConfigurationPlatforms) = preSolution
		Debug|Any CPU = Debug|Any CPU
		Release|Any CPU = Release|Any CPU
	EndGlobalSection
	GlobalSection(ProjectConfigurationPlatforms) = postSolution
		{D04CBFEF-024F-41E0-BCFE-F49320967D18}.Debug|Any CPU.ActiveCfg = Debug|Any CPU
		{D04CBFEF-024F-41E0-BCFE-F49320967D18}.Debug|Any CPU.Build.0 = Debug|Any CPU
		{D04CBFEF-024F-41E0-BCFE-F49320967D18}.Release|Any CPU.ActiveCfg = Release|Any CPU
		{D04CBFEF-024F-41E0-BCFE-F49320967D18}.Release|Any CPU.Build.0 = Release|Any CPU
	EndGlobalSection
	GlobalSection(SolutionProperties) = preSolution
		HideSolutionNode = FALSE
	EndGlobalSection
	GlobalSection(ExtensibilityGlobals) = postSolution
		SolutionGuid = {9FA7D1C4-98C6-4DB6-A2CD-E1D1E543F26D}
	EndGlobalSection
EndGlobal
